{
  "name": "xui-project",
  "version": "1.0.0",
  "lockfileVersion": 1,
  "requires": true,
  "dependencies": {
    "xui": {
      "version": "1.0.4",
      "resolved": "http://192.168.2.213:8081/repository/npm/xui/-/xui-1.0.4.tgz",
      "integrity": "sha512-N4Mhv/OOd6SryS6FLC7Sxro2JIdYaxlZe2P13Mpzg5N23HHkSGKBA2j6mvrOwaNG07Wp4xRNtPX+rctwIdCpFA=="
    }
  }
}
