{
  "name": "xui-project",
  "version": "1.0.0",
  "lockfileVersion": 1,
  "requires": true,
  "dependencies": {
    "xui": {
      "version": "1.0.0",
      "resolved": "http://192.168.2.213:8081/repository/npm/xui/-/xui-1.0.0.tgz",
      "integrity": "sha512-Ad2S46npqwlJw1l6Jfc8UxGPyqpPmPdEWeBo72WF/aqCwXRqq48nXXvd7KQVygEqyTG0taLub0/G7jyLzba7qA=="
    }
  }
}
